
Microsoft Visual Studio Solution File, Format Version 12.00
# Visual Studio Version 16
VisualStudioVersion = 16.0.30011.22
MinimumVisualStudioVersion = 10.0.40219.1
Project("{FAE04EC0-301F-11D3-BF4B-00C04F79EFBC}") = "ConsoleAppTestGit", "ConsoleAppTestGit.csproj", "{20F83456-BE17-484A-A4DE-6FCB9943F070}"
EndProject
Global
	GlobalSection(SolutionConfigurationPlatforms) = preSolution
		Debug|Any CPU = Debug|Any CPU
		Release|Any CPU = Release|Any CPU
	EndGlobalSection
	GlobalSection(ProjectConfigurationPlatforms) = postSolution
		{20F83456-BE17-484A-A4DE-6FCB9943F070}.Debug|Any CPU.ActiveCfg = Debug|Any CPU
		{20F83456-BE17-484A-A4DE-6FCB9943F070}.Debug|Any CPU.Build.0 = Debug|Any CPU
		{20F83456-BE17-484A-A4DE-6FCB9943F070}.Release|Any CPU.ActiveCfg = Release|Any CPU
		{20F83456-BE17-484A-A4DE-6FCB9943F070}.Release|Any CPU.Build.0 = Release|Any CPU
	EndGlobalSection
	GlobalSection(SolutionProperties) = preSolution
		HideSolutionNode = FALSE
	EndGlobalSection
	GlobalSection(ExtensibilityGlobals) = postSolution
		SolutionGuid = {299A6C74-4CCE-4F5E-98CF-83D20781EA6A}
	EndGlobalSection
EndGlobal
